
Microsoft Visual Studio Solution File, Format Version 12.00
# Visual Studio 15
VisualStudioVersion = 15.0.26228.10
MinimumVisualStudioVersion = 10.0.40219.1
Project("{9A19103F-16F7-4668-BE54-9A1E7A4F7556}") = "Bedrock.Web", "Bedrock.Web\Bedrock.Web.csproj", "{F633F9A3-1D62-49BB-BB53-A2863AC7CA5A}"
EndProject
Project("{FAE04EC0-301F-11D3-BF4B-00C04F79EFBC}") = "Bedrock.Infrastructure", "Bedrock.Infrastructure\Bedrock.Infrastructure.csproj", "{10D18916-DC66-4124-95F6-6833B3362218}"
EndProject
Project("{FAE04EC0-301F-11D3-BF4B-00C04F79EFBC}") = "Bedrock.Data", "Bedrock.Data\Bedrock.Data.csproj", "{3309C3E3-CA50-4409-A96E-3C8E8D434E3D}"
EndProject
Project("{2150E333-8FDC-42A3-9474-1A3956D46DE8}") = "1.Core", "1.Core", "{804DE343-4F19-4BEC-8A7A-296A2C17B2D9}"
EndProject
Project("{2150E333-8FDC-42A3-9474-1A3956D46DE8}") = "2.Domain", "2.Domain", "{99652EB1-504D-4ACC-BB83-B93D116ADE7D}"
EndProject
Project("{2150E333-8FDC-42A3-9474-1A3956D46DE8}") = "3.Application", "3.Application", "{4CDEB4BD-46EA-42BE-995A-94838BA681EC}"
EndProject
Project("{9A19103F-16F7-4668-BE54-9A1E7A4F7556}") = "Bedrock.Domain", "Bedrock.Domain\Bedrock.Domain.csproj", "{EBE2FF63-881F-4EBE-BFC6-BDFE69EAEFA4}"
EndProject
Project("{9A19103F-16F7-4668-BE54-9A1E7A4F7556}") = "Bedrock.Domain.EF", "Bedrock.Domain.EF\Bedrock.Domain.EF.csproj", "{68E75172-F9A7-40DE-B6F3-DE9CA6DC1C89}"
EndProject
Project("{2150E333-8FDC-42A3-9474-1A3956D46DE8}") = "4.Presentation", "4.Presentation", "{2ED9BB5D-0568-4F9C-9CA1-F06CEDAEBF3E}"
EndProject
Project("{9A19103F-16F7-4668-BE54-9A1E7A4F7556}") = "Bedrock.Services", "Bedrock.Services\Bedrock.Services.csproj", "{13E44D9C-A0E8-49E3-A848-34964269AC4A}"
EndProject
Project("{FAE04EC0-301F-11D3-BF4B-00C04F79EFBC}") = "Bedrock.Dto", "Bedrock.Dto\Bedrock.Dto.csproj", "{86056DC9-A44B-4542-BF1B-2441D35C6C7A}"
EndProject
Project("{FAE04EC0-301F-11D3-BF4B-00C04F79EFBC}") = "Bedrock.Mapper", "Bedrock.Mapper\Bedrock.Mapper.csproj", "{D9CCEDF5-D0AC-420D-A93F-E7DD260FF963}"
EndProject
Global
	GlobalSection(SolutionConfigurationPlatforms) = preSolution
		Debug|Any CPU = Debug|Any CPU
		Release|Any CPU = Release|Any CPU
	EndGlobalSection
	GlobalSection(ProjectConfigurationPlatforms) = postSolution
		{F633F9A3-1D62-49BB-BB53-A2863AC7CA5A}.Debug|Any CPU.ActiveCfg = Debug|Any CPU
		{F633F9A3-1D62-49BB-BB53-A2863AC7CA5A}.Debug|Any CPU.Build.0 = Debug|Any CPU
		{F633F9A3-1D62-49BB-BB53-A2863AC7CA5A}.Release|Any CPU.ActiveCfg = Release|Any CPU
		{F633F9A3-1D62-49BB-BB53-A2863AC7CA5A}.Release|Any CPU.Build.0 = Release|Any CPU
		{10D18916-DC66-4124-95F6-6833B3362218}.Debug|Any CPU.ActiveCfg = Debug|Any CPU
		{10D18916-DC66-4124-95F6-6833B3362218}.Debug|Any CPU.Build.0 = Debug|Any CPU
		{10D18916-DC66-4124-95F6-6833B3362218}.Release|Any CPU.ActiveCfg = Release|Any CPU
		{10D18916-DC66-4124-95F6-6833B3362218}.Release|Any CPU.Build.0 = Release|Any CPU
		{3309C3E3-CA50-4409-A96E-3C8E8D434E3D}.Debug|Any CPU.ActiveCfg = Debug|Any CPU
		{3309C3E3-CA50-4409-A96E-3C8E8D434E3D}.Debug|Any CPU.Build.0 = Debug|Any CPU
		{3309C3E3-CA50-4409-A96E-3C8E8D434E3D}.Release|Any CPU.ActiveCfg = Release|Any CPU
		{3309C3E3-CA50-4409-A96E-3C8E8D434E3D}.Release|Any CPU.Build.0 = Release|Any CPU
		{EBE2FF63-881F-4EBE-BFC6-BDFE69EAEFA4}.Debug|Any CPU.ActiveCfg = Debug|Any CPU
		{EBE2FF63-881F-4EBE-BFC6-BDFE69EAEFA4}.Debug|Any CPU.Build.0 = Debug|Any CPU
		{EBE2FF63-881F-4EBE-BFC6-BDFE69EAEFA4}.Release|Any CPU.ActiveCfg = Release|Any CPU
		{EBE2FF63-881F-4EBE-BFC6-BDFE69EAEFA4}.Release|Any CPU.Build.0 = Release|Any CPU
		{68E75172-F9A7-40DE-B6F3-DE9CA6DC1C89}.Debug|Any CPU.ActiveCfg = Debug|Any CPU
		{68E75172-F9A7-40DE-B6F3-DE9CA6DC1C89}.Debug|Any CPU.Build.0 = Debug|Any CPU
		{68E75172-F9A7-40DE-B6F3-DE9CA6DC1C89}.Release|Any CPU.ActiveCfg = Release|Any CPU
		{68E75172-F9A7-40DE-B6F3-DE9CA6DC1C89}.Release|Any CPU.Build.0 = Release|Any CPU
		{13E44D9C-A0E8-49E3-A848-34964269AC4A}.Debug|Any CPU.ActiveCfg = Debug|Any CPU
		{13E44D9C-A0E8-49E3-A848-34964269AC4A}.Debug|Any CPU.Build.0 = Debug|Any CPU
		{13E44D9C-A0E8-49E3-A848-34964269AC4A}.Release|Any CPU.ActiveCfg = Release|Any CPU
		{13E44D9C-A0E8-49E3-A848-34964269AC4A}.Release|Any CPU.Build.0 = Release|Any CPU
		{86056DC9-A44B-4542-BF1B-2441D35C6C7A}.Debug|Any CPU.ActiveCfg = Debug|Any CPU
		{86056DC9-A44B-4542-BF1B-2441D35C6C7A}.Debug|Any CPU.Build.0 = Debug|Any CPU
		{86056DC9-A44B-4542-BF1B-2441D35C6C7A}.Release|Any CPU.ActiveCfg = Release|Any CPU
		{86056DC9-A44B-4542-BF1B-2441D35C6C7A}.Release|Any CPU.Build.0 = Release|Any CPU
		{D9CCEDF5-D0AC-420D-A93F-E7DD260FF963}.Debug|Any CPU.ActiveCfg = Debug|Any CPU
		{D9CCEDF5-D0AC-420D-A93F-E7DD260FF963}.Debug|Any CPU.Build.0 = Debug|Any CPU
		{D9CCEDF5-D0AC-420D-A93F-E7DD260FF963}.Release|Any CPU.ActiveCfg = Release|Any CPU
		{D9CCEDF5-D0AC-420D-A93F-E7DD260FF963}.Release|Any CPU.Build.0 = Release|Any CPU
	EndGlobalSection
	GlobalSection(SolutionProperties) = preSolution
		HideSolutionNode = FALSE
	EndGlobalSection
	GlobalSection(NestedProjects) = preSolution
		{F633F9A3-1D62-49BB-BB53-A2863AC7CA5A} = {2ED9BB5D-0568-4F9C-9CA1-F06CEDAEBF3E}
		{10D18916-DC66-4124-95F6-6833B3362218} = {804DE343-4F19-4BEC-8A7A-296A2C17B2D9}
		{3309C3E3-CA50-4409-A96E-3C8E8D434E3D} = {99652EB1-504D-4ACC-BB83-B93D116ADE7D}
		{EBE2FF63-881F-4EBE-BFC6-BDFE69EAEFA4} = {99652EB1-504D-4ACC-BB83-B93D116ADE7D}
		{68E75172-F9A7-40DE-B6F3-DE9CA6DC1C89} = {99652EB1-504D-4ACC-BB83-B93D116ADE7D}
		{13E44D9C-A0E8-49E3-A848-34964269AC4A} = {4CDEB4BD-46EA-42BE-995A-94838BA681EC}
		{86056DC9-A44B-4542-BF1B-2441D35C6C7A} = {4CDEB4BD-46EA-42BE-995A-94838BA681EC}
		{D9CCEDF5-D0AC-420D-A93F-E7DD260FF963} = {4CDEB4BD-46EA-42BE-995A-94838BA681EC}
	EndGlobalSection
EndGlobal
